
Microsoft Visual Studio Solution File, Format Version 12.00
# Visual Studio Version 16
VisualStudioVersion = 16.0.31205.134
MinimumVisualStudioVersion = 10.0.40219.1
Project("{FAE04EC0-301F-11D3-BF4B-00C04F79EFBC}") = "Parte 3", "Parte 3.csproj", "{A5272AD6-F309-4359-ACCE-B8B36DA61F17}"
EndProject
Project("{FAE04EC0-301F-11D3-BF4B-00C04F79EFBC}") = "Parte 2", "Parte 2\Parte 2.csproj", "{0E6448FE-48A7-4472-841E-06758454EF25}"
EndProject
Project("{FAE04EC0-301F-11D3-BF4B-00C04F79EFBC}") = "Parte 1", "Parte 1\Parte 1.csproj", "{93ADB061-9FFD-46C8-97CC-54E49A14BFD2}"
EndProject
Global
	GlobalSection(SolutionConfigurationPlatforms) = preSolution
		Debug|Any CPU = Debug|Any CPU
		Release|Any CPU = Release|Any CPU
	EndGlobalSection
	GlobalSection(ProjectConfigurationPlatforms) = postSolution
		{A5272AD6-F309-4359-ACCE-B8B36DA61F17}.Debug|Any CPU.ActiveCfg = Debug|Any CPU
		{A5272AD6-F309-4359-ACCE-B8B36DA61F17}.Debug|Any CPU.Build.0 = Debug|Any CPU
		{A5272AD6-F309-4359-ACCE-B8B36DA61F17}.Release|Any CPU.ActiveCfg = Release|Any CPU
		{A5272AD6-F309-4359-ACCE-B8B36DA61F17}.Release|Any CPU.Build.0 = Release|Any CPU
		{0E6448FE-48A7-4472-841E-06758454EF25}.Debug|Any CPU.ActiveCfg = Debug|Any CPU
		{0E6448FE-48A7-4472-841E-06758454EF25}.Debug|Any CPU.Build.0 = Debug|Any CPU
		{0E6448FE-48A7-4472-841E-06758454EF25}.Release|Any CPU.ActiveCfg = Release|Any CPU
		{0E6448FE-48A7-4472-841E-06758454EF25}.Release|Any CPU.Build.0 = Release|Any CPU
		{93ADB061-9FFD-46C8-97CC-54E49A14BFD2}.Debug|Any CPU.ActiveCfg = Debug|Any CPU
		{93ADB061-9FFD-46C8-97CC-54E49A14BFD2}.Debug|Any CPU.Build.0 = Debug|Any CPU
		{93ADB061-9FFD-46C8-97CC-54E49A14BFD2}.Release|Any CPU.ActiveCfg = Release|Any CPU
		{93ADB061-9FFD-46C8-97CC-54E49A14BFD2}.Release|Any CPU.Build.0 = Release|Any CPU
	EndGlobalSection
	GlobalSection(SolutionProperties) = preSolution
		HideSolutionNode = FALSE
	EndGlobalSection
	GlobalSection(ExtensibilityGlobals) = postSolution
		SolutionGuid = {76DFBA18-7974-4C79-A0C7-C15AE0F3ECC4}
	EndGlobalSection
EndGlobal
